
Microsoft Visual Studio Solution File, Format Version 12.00
# Visual Studio Version 17
VisualStudioVersion = 17.11.35312.102
MinimumVisualStudioVersion = 10.0.40219.1
Project("{8BC9CEB8-8B4A-11D0-8D11-00A0C91BC942}") = "SFML_Sockets_Server", "SFML_Sockets_Server\SFML_Sockets_Server.vcxproj", "{CEB795FA-DBD0-4424-A22A-7C87F64A823D}"
EndProject
Project("{8BC9CEB8-8B4A-11D0-8D11-00A0C91BC942}") = "SFML_Sockets_Client", "SFML_Sockets_Client\SFML_Sockets_Client.vcxproj", "{1F6D6DE2-456C-4082-A180-FBA8BA510A07}"
EndProject
Global
	GlobalSection(SolutionConfigurationPlatforms) = preSolution
		Debug|x64 = Debug|x64
		Debug|x86 = Debug|x86
		Release|x64 = Release|x64
		Release|x86 = Release|x86
	EndGlobalSection
	GlobalSection(ProjectConfigurationPlatforms) = postSolution
		{CEB795FA-DBD0-4424-A22A-7C87F64A823D}.Debug|x64.ActiveCfg = Debug|x64
		{CEB795FA-DBD0-4424-A22A-7C87F64A823D}.Debug|x64.Build.0 = Debug|x64
		{CEB795FA-DBD0-4424-A22A-7C87F64A823D}.Debug|x86.ActiveCfg = Debug|Win32
		{CEB795FA-DBD0-4424-A22A-7C87F64A823D}.Debug|x86.Build.0 = Debug|Win32
		{CEB795FA-DBD0-4424-A22A-7C87F64A823D}.Release|x64.ActiveCfg = Release|x64
		{CEB795FA-DBD0-4424-A22A-7C87F64A823D}.Release|x64.Build.0 = Release|x64
		{CEB795FA-DBD0-4424-A22A-7C87F64A823D}.Release|x86.ActiveCfg = Release|Win32
		{CEB795FA-DBD0-4424-A22A-7C87F64A823D}.Release|x86.Build.0 = Release|Win32
		{1F6D6DE2-456C-4082-A180-FBA8BA510A07}.Debug|x64.ActiveCfg = Debug|x64
		{1F6D6DE2-456C-4082-A180-FBA8BA510A07}.Debug|x64.Build.0 = Debug|x64
		{1F6D6DE2-456C-4082-A180-FBA8BA510A07}.Debug|x86.ActiveCfg = Debug|Win32
		{1F6D6DE2-456C-4082-A180-FBA8BA510A07}.Debug|x86.Build.0 = Debug|Win32
		{1F6D6DE2-456C-4082-A180-FBA8BA510A07}.Release|x64.ActiveCfg = Release|x64
		{1F6D6DE2-456C-4082-A180-FBA8BA510A07}.Release|x64.Build.0 = Release|x64
		{1F6D6DE2-456C-4082-A180-FBA8BA510A07}.Release|x86.ActiveCfg = Release|Win32
		{1F6D6DE2-456C-4082-A180-FBA8BA510A07}.Release|x86.Build.0 = Release|Win32
	EndGlobalSection
	GlobalSection(SolutionProperties) = preSolution
		HideSolutionNode = FALSE
	EndGlobalSection
	GlobalSection(ExtensibilityGlobals) = postSolution
		SolutionGuid = {71A9EC43-889B-4D1C-839F-716A97ABFD0D}
	EndGlobalSection
EndGlobal
